
Microsoft Visual Studio Solution File, Format Version 12.00
# Visual Studio Version 17
VisualStudioVersion = 17.14.36203.30 d17.14
MinimumVisualStudioVersion = 10.0.40219.1
Project("{FAE04EC0-301F-11D3-BF4B-00C04F79EFBC}") = "Person", "Person.csproj", "{8B6A201B-CB21-4D12-804A-4C851FDD67DB}"
EndProject
Global
	GlobalSection(SolutionConfigurationPlatforms) = preSolution
		Debug|Any CPU = Debug|Any CPU
		Release|Any CPU = Release|Any CPU
	EndGlobalSection
	GlobalSection(ProjectConfigurationPlatforms) = postSolution
		{8B6A201B-CB21-4D12-804A-4C851FDD67DB}.Debug|Any CPU.ActiveCfg = Debug|Any CPU
		{8B6A201B-CB21-4D12-804A-4C851FDD67DB}.Debug|Any CPU.Build.0 = Debug|Any CPU
		{8B6A201B-CB21-4D12-804A-4C851FDD67DB}.Release|Any CPU.ActiveCfg = Release|Any CPU
		{8B6A201B-CB21-4D12-804A-4C851FDD67DB}.Release|Any CPU.Build.0 = Release|Any CPU
	EndGlobalSection
	GlobalSection(SolutionProperties) = preSolution
		HideSolutionNode = FALSE
	EndGlobalSection
	GlobalSection(ExtensibilityGlobals) = postSolution
		SolutionGuid = {C2AB7862-E66B-4739-95C7-FC7BB623C045}
	EndGlobalSection
EndGlobal
